
Microsoft Visual Studio Solution File, Format Version 12.00
# Visual Studio 14
VisualStudioVersion = 14.0.25420.1
MinimumVisualStudioVersion = 10.0.40219.1
Project("{8BC9CEB8-8B4A-11D0-8D11-00A0C91BC942}") = "TriesContacts", "TriesContacts\TriesContacts.vcxproj", "{BCF1DEC8-6B7E-43CC-B0B2-3766AFF3062D}"
EndProject
Project("{8BC9CEB8-8B4A-11D0-8D11-00A0C91BC942}") = "StringAnagrams", "StringAnagrams\StringAnagrams.vcxproj", "{3C87BB92-AC6A-4F9D-808E-90734AC646F3}"
EndProject
Project("{8BC9CEB8-8B4A-11D0-8D11-00A0C91BC942}") = "BalancedBrackets", "BalancedBrackets\BalancedBrackets.vcxproj", "{328C8464-E97B-425D-AD92-0B3B41F2D72B}"
EndProject
Project("{8BC9CEB8-8B4A-11D0-8D11-00A0C91BC942}") = "LeftRotation", "LeftRotation\LeftRotation.vcxproj", "{2151489D-7F2D-4FEF-8A91-3ADA7DDFD89D}"
EndProject
Project("{8BC9CEB8-8B4A-11D0-8D11-00A0C91BC942}") = "HeapsMedian", "HeapsMedian\HeapsMedian.vcxproj", "{BB75E648-A669-40D4-B91A-B2B4534EC371}"
EndProject
Project("{8BC9CEB8-8B4A-11D0-8D11-00A0C91BC942}") = "BubbleSort", "BubbleSort\BubbleSort.vcxproj", "{8D61EB70-86C0-455A-84D0-9338B5F23154}"
EndProject
Global
	GlobalSection(SolutionConfigurationPlatforms) = preSolution
		Debug|x64 = Debug|x64
		Debug|x86 = Debug|x86
		Release|x64 = Release|x64
		Release|x86 = Release|x86
	EndGlobalSection
	GlobalSection(ProjectConfigurationPlatforms) = postSolution
		{BCF1DEC8-6B7E-43CC-B0B2-3766AFF3062D}.Debug|x64.ActiveCfg = Debug|x64
		{BCF1DEC8-6B7E-43CC-B0B2-3766AFF3062D}.Debug|x64.Build.0 = Debug|x64
		{BCF1DEC8-6B7E-43CC-B0B2-3766AFF3062D}.Debug|x86.ActiveCfg = Debug|Win32
		{BCF1DEC8-6B7E-43CC-B0B2-3766AFF3062D}.Debug|x86.Build.0 = Debug|Win32
		{BCF1DEC8-6B7E-43CC-B0B2-3766AFF3062D}.Release|x64.ActiveCfg = Release|x64
		{BCF1DEC8-6B7E-43CC-B0B2-3766AFF3062D}.Release|x64.Build.0 = Release|x64
		{BCF1DEC8-6B7E-43CC-B0B2-3766AFF3062D}.Release|x86.ActiveCfg = Release|Win32
		{BCF1DEC8-6B7E-43CC-B0B2-3766AFF3062D}.Release|x86.Build.0 = Release|Win32
		{3C87BB92-AC6A-4F9D-808E-90734AC646F3}.Debug|x64.ActiveCfg = Debug|x64
		{3C87BB92-AC6A-4F9D-808E-90734AC646F3}.Debug|x64.Build.0 = Debug|x64
		{3C87BB92-AC6A-4F9D-808E-90734AC646F3}.Debug|x86.ActiveCfg = Debug|Win32
		{3C87BB92-AC6A-4F9D-808E-90734AC646F3}.Debug|x86.Build.0 = Debug|Win32
		{3C87BB92-AC6A-4F9D-808E-90734AC646F3}.Release|x64.ActiveCfg = Release|x64
		{3C87BB92-AC6A-4F9D-808E-90734AC646F3}.Release|x64.Build.0 = Release|x64
		{3C87BB92-AC6A-4F9D-808E-90734AC646F3}.Release|x86.ActiveCfg = Release|Win32
		{3C87BB92-AC6A-4F9D-808E-90734AC646F3}.Release|x86.Build.0 = Release|Win32
		{328C8464-E97B-425D-AD92-0B3B41F2D72B}.Debug|x64.ActiveCfg = Debug|x64
		{328C8464-E97B-425D-AD92-0B3B41F2D72B}.Debug|x64.Build.0 = Debug|x64
		{328C8464-E97B-425D-AD92-0B3B41F2D72B}.Debug|x86.ActiveCfg = Debug|Win32
		{328C8464-E97B-425D-AD92-0B3B41F2D72B}.Debug|x86.Build.0 = Debug|Win32
		{328C8464-E97B-425D-AD92-0B3B41F2D72B}.Release|x64.ActiveCfg = Release|x64
		{328C8464-E97B-425D-AD92-0B3B41F2D72B}.Release|x64.Build.0 = Release|x64
		{328C8464-E97B-425D-AD92-0B3B41F2D72B}.Release|x86.ActiveCfg = Release|Win32
		{328C8464-E97B-425D-AD92-0B3B41F2D72B}.Release|x86.Build.0 = Release|Win32
		{2151489D-7F2D-4FEF-8A91-3ADA7DDFD89D}.Debug|x64.ActiveCfg = Debug|x64
		{2151489D-7F2D-4FEF-8A91-3ADA7DDFD89D}.Debug|x64.Build.0 = Debug|x64
		{2151489D-7F2D-4FEF-8A91-3ADA7DDFD89D}.Debug|x86.ActiveCfg = Debug|Win32
		{2151489D-7F2D-4FEF-8A91-3ADA7DDFD89D}.Debug|x86.Build.0 = Debug|Win32
		{2151489D-7F2D-4FEF-8A91-3ADA7DDFD89D}.Release|x64.ActiveCfg = Release|x64
		{2151489D-7F2D-4FEF-8A91-3ADA7DDFD89D}.Release|x64.Build.0 = Release|x64
		{2151489D-7F2D-4FEF-8A91-3ADA7DDFD89D}.Release|x86.ActiveCfg = Release|Win32
		{2151489D-7F2D-4FEF-8A91-3ADA7DDFD89D}.Release|x86.Build.0 = Release|Win32
		{BB75E648-A669-40D4-B91A-B2B4534EC371}.Debug|x64.ActiveCfg = Debug|x64
		{BB75E648-A669-40D4-B91A-B2B4534EC371}.Debug|x64.Build.0 = Debug|x64
		{BB75E648-A669-40D4-B91A-B2B4534EC371}.Debug|x86.ActiveCfg = Debug|Win32
		{BB75E648-A669-40D4-B91A-B2B4534EC371}.Debug|x86.Build.0 = Debug|Win32
		{BB75E648-A669-40D4-B91A-B2B4534EC371}.Release|x64.ActiveCfg = Release|x64
		{BB75E648-A669-40D4-B91A-B2B4534EC371}.Release|x64.Build.0 = Release|x64
		{BB75E648-A669-40D4-B91A-B2B4534EC371}.Release|x86.ActiveCfg = Release|Win32
		{BB75E648-A669-40D4-B91A-B2B4534EC371}.Release|x86.Build.0 = Release|Win32
		{8D61EB70-86C0-455A-84D0-9338B5F23154}.Debug|x64.ActiveCfg = Debug|x64
		{8D61EB70-86C0-455A-84D0-9338B5F23154}.Debug|x64.Build.0 = Debug|x64
		{8D61EB70-86C0-455A-84D0-9338B5F23154}.Debug|x86.ActiveCfg = Debug|Win32
		{8D61EB70-86C0-455A-84D0-9338B5F23154}.Debug|x86.Build.0 = Debug|Win32
		{8D61EB70-86C0-455A-84D0-9338B5F23154}.Release|x64.ActiveCfg = Release|x64
		{8D61EB70-86C0-455A-84D0-9338B5F23154}.Release|x64.Build.0 = Release|x64
		{8D61EB70-86C0-455A-84D0-9338B5F23154}.Release|x86.ActiveCfg = Release|Win32
		{8D61EB70-86C0-455A-84D0-9338B5F23154}.Release|x86.Build.0 = Release|Win32
	EndGlobalSection
	GlobalSection(SolutionProperties) = preSolution
		HideSolutionNode = FALSE
	EndGlobalSection
EndGlobal
